
Microsoft Visual Studio Solution File, Format Version 12.00
# Visual Studio Version 17
VisualStudioVersion = 17.8.34309.116
MinimumVisualStudioVersion = 10.0.40219.1
Project("{9A19103F-16F7-4668-BE54-9A1E7A4F7556}") = "1. 두수의차", "Sparta_Algorighm_CodeKata\1. 두수의차.csproj", "{CC9F8212-96CD-44BA-9775-96B5AE2BF149}"
EndProject
Project("{9A19103F-16F7-4668-BE54-9A1E7A4F7556}") = "2. 두수의 곱", "2. 두수의 곱\2. 두수의 곱.csproj", "{5A6AB75B-2215-44E7-9C49-3FCC6AE73F84}"
EndProject
Project("{FAE04EC0-301F-11D3-BF4B-00C04F79EFBC}") = "3.몫 구하기", "3.몫 구하기\3.몫 구하기.csproj", "{B3F9CCA2-DEA9-4FE4-B642-2B34EA22338D}"
EndProject
Project("{FAE04EC0-301F-11D3-BF4B-00C04F79EFBC}") = "4.나이출력", "4.나이출력\4.나이출력.csproj", "{8EBF4E99-5208-41BF-9F1E-7B01F7917E75}"
EndProject
Project("{FAE04EC0-301F-11D3-BF4B-00C04F79EFBC}") = "5.숫자 비교하기", "5.숫자 비교하기\5.숫자 비교하기.csproj", "{0355A9DF-A525-4921-8CB3-E0E2BF5630C7}"
EndProject
Project("{FAE04EC0-301F-11D3-BF4B-00C04F79EFBC}") = "6.두수의합", "6.두수의합\6.두수의합.csproj", "{CDBB5436-DA2A-4358-AEAD-FED7740C3AAA}"
EndProject
Project("{FAE04EC0-301F-11D3-BF4B-00C04F79EFBC}") = "7.두수의 나눗셈", "7.두수의 나눗셈\7.두수의 나눗셈.csproj", "{6B3C2F68-345A-4838-BC92-05A5BBB157E9}"
EndProject
Project("{FAE04EC0-301F-11D3-BF4B-00C04F79EFBC}") = "8.각도기", "8.각도기\8.각도기.csproj", "{7597B92A-CB90-4253-9F81-839E1E2CE325}"
EndProject
Project("{FAE04EC0-301F-11D3-BF4B-00C04F79EFBC}") = "9.짝수의 합", "9.짝수의 합\9.짝수의 합.csproj", "{9C873091-4724-49CF-A6EE-4D642DA890AA}"
EndProject
Global
	GlobalSection(SolutionConfigurationPlatforms) = preSolution
		Debug|Any CPU = Debug|Any CPU
		Release|Any CPU = Release|Any CPU
	EndGlobalSection
	GlobalSection(ProjectConfigurationPlatforms) = postSolution
		{CC9F8212-96CD-44BA-9775-96B5AE2BF149}.Debug|Any CPU.ActiveCfg = Debug|Any CPU
		{CC9F8212-96CD-44BA-9775-96B5AE2BF149}.Debug|Any CPU.Build.0 = Debug|Any CPU
		{CC9F8212-96CD-44BA-9775-96B5AE2BF149}.Release|Any CPU.ActiveCfg = Release|Any CPU
		{CC9F8212-96CD-44BA-9775-96B5AE2BF149}.Release|Any CPU.Build.0 = Release|Any CPU
		{5A6AB75B-2215-44E7-9C49-3FCC6AE73F84}.Debug|Any CPU.ActiveCfg = Debug|Any CPU
		{5A6AB75B-2215-44E7-9C49-3FCC6AE73F84}.Debug|Any CPU.Build.0 = Debug|Any CPU
		{5A6AB75B-2215-44E7-9C49-3FCC6AE73F84}.Release|Any CPU.ActiveCfg = Release|Any CPU
		{5A6AB75B-2215-44E7-9C49-3FCC6AE73F84}.Release|Any CPU.Build.0 = Release|Any CPU
		{B3F9CCA2-DEA9-4FE4-B642-2B34EA22338D}.Debug|Any CPU.ActiveCfg = Debug|Any CPU
		{B3F9CCA2-DEA9-4FE4-B642-2B34EA22338D}.Debug|Any CPU.Build.0 = Debug|Any CPU
		{B3F9CCA2-DEA9-4FE4-B642-2B34EA22338D}.Release|Any CPU.ActiveCfg = Release|Any CPU
		{B3F9CCA2-DEA9-4FE4-B642-2B34EA22338D}.Release|Any CPU.Build.0 = Release|Any CPU
		{8EBF4E99-5208-41BF-9F1E-7B01F7917E75}.Debug|Any CPU.ActiveCfg = Debug|Any CPU
		{8EBF4E99-5208-41BF-9F1E-7B01F7917E75}.Debug|Any CPU.Build.0 = Debug|Any CPU
		{8EBF4E99-5208-41BF-9F1E-7B01F7917E75}.Release|Any CPU.ActiveCfg = Release|Any CPU
		{8EBF4E99-5208-41BF-9F1E-7B01F7917E75}.Release|Any CPU.Build.0 = Release|Any CPU
		{0355A9DF-A525-4921-8CB3-E0E2BF5630C7}.Debug|Any CPU.ActiveCfg = Debug|Any CPU
		{0355A9DF-A525-4921-8CB3-E0E2BF5630C7}.Debug|Any CPU.Build.0 = Debug|Any CPU
		{0355A9DF-A525-4921-8CB3-E0E2BF5630C7}.Release|Any CPU.ActiveCfg = Release|Any CPU
		{0355A9DF-A525-4921-8CB3-E0E2BF5630C7}.Release|Any CPU.Build.0 = Release|Any CPU
		{CDBB5436-DA2A-4358-AEAD-FED7740C3AAA}.Debug|Any CPU.ActiveCfg = Debug|Any CPU
		{CDBB5436-DA2A-4358-AEAD-FED7740C3AAA}.Debug|Any CPU.Build.0 = Debug|Any CPU
		{CDBB5436-DA2A-4358-AEAD-FED7740C3AAA}.Release|Any CPU.ActiveCfg = Release|Any CPU
		{CDBB5436-DA2A-4358-AEAD-FED7740C3AAA}.Release|Any CPU.Build.0 = Release|Any CPU
		{6B3C2F68-345A-4838-BC92-05A5BBB157E9}.Debug|Any CPU.ActiveCfg = Debug|Any CPU
		{6B3C2F68-345A-4838-BC92-05A5BBB157E9}.Debug|Any CPU.Build.0 = Debug|Any CPU
		{6B3C2F68-345A-4838-BC92-05A5BBB157E9}.Release|Any CPU.ActiveCfg = Release|Any CPU
		{6B3C2F68-345A-4838-BC92-05A5BBB157E9}.Release|Any CPU.Build.0 = Release|Any CPU
		{7597B92A-CB90-4253-9F81-839E1E2CE325}.Debug|Any CPU.ActiveCfg = Debug|Any CPU
		{7597B92A-CB90-4253-9F81-839E1E2CE325}.Debug|Any CPU.Build.0 = Debug|Any CPU
		{7597B92A-CB90-4253-9F81-839E1E2CE325}.Release|Any CPU.ActiveCfg = Release|Any CPU
		{7597B92A-CB90-4253-9F81-839E1E2CE325}.Release|Any CPU.Build.0 = Release|Any CPU
		{9C873091-4724-49CF-A6EE-4D642DA890AA}.Debug|Any CPU.ActiveCfg = Debug|Any CPU
		{9C873091-4724-49CF-A6EE-4D642DA890AA}.Debug|Any CPU.Build.0 = Debug|Any CPU
		{9C873091-4724-49CF-A6EE-4D642DA890AA}.Release|Any CPU.ActiveCfg = Release|Any CPU
		{9C873091-4724-49CF-A6EE-4D642DA890AA}.Release|Any CPU.Build.0 = Release|Any CPU
	EndGlobalSection
	GlobalSection(SolutionProperties) = preSolution
		HideSolutionNode = FALSE
	EndGlobalSection
	GlobalSection(ExtensibilityGlobals) = postSolution
		SolutionGuid = {4E5BFB29-25C3-49C1-A789-DE9536D4DEFE}
	EndGlobalSection
EndGlobal
