
Microsoft Visual Studio Solution File, Format Version 12.00
# Visual Studio Version 17
VisualStudioVersion = 17.8.34309.116
MinimumVisualStudioVersion = 10.0.40219.1
Project("{9A19103F-16F7-4668-BE54-9A1E7A4F7556}") = "01. 두수의차", "Sparta_Algorighm_CodeKata\01. 두수의차.csproj", "{CC9F8212-96CD-44BA-9775-96B5AE2BF149}"
EndProject
Project("{9A19103F-16F7-4668-BE54-9A1E7A4F7556}") = "02. 두수의 곱", "2. 두수의 곱\02. 두수의 곱.csproj", "{5A6AB75B-2215-44E7-9C49-3FCC6AE73F84}"
EndProject
Project("{9A19103F-16F7-4668-BE54-9A1E7A4F7556}") = "03.몫 구하기", "3.몫 구하기\03.몫 구하기.csproj", "{B3F9CCA2-DEA9-4FE4-B642-2B34EA22338D}"
EndProject
Project("{9A19103F-16F7-4668-BE54-9A1E7A4F7556}") = "04.나이출력", "4.나이출력\04.나이출력.csproj", "{8EBF4E99-5208-41BF-9F1E-7B01F7917E75}"
EndProject
Project("{9A19103F-16F7-4668-BE54-9A1E7A4F7556}") = "05.숫자 비교하기", "5.숫자 비교하기\05.숫자 비교하기.csproj", "{0355A9DF-A525-4921-8CB3-E0E2BF5630C7}"
EndProject
Project("{9A19103F-16F7-4668-BE54-9A1E7A4F7556}") = "06.두수의합", "6.두수의합\06.두수의합.csproj", "{CDBB5436-DA2A-4358-AEAD-FED7740C3AAA}"
EndProject
Project("{9A19103F-16F7-4668-BE54-9A1E7A4F7556}") = "07.두수의 나눗셈", "7.두수의 나눗셈\07.두수의 나눗셈.csproj", "{6B3C2F68-345A-4838-BC92-05A5BBB157E9}"
EndProject
Project("{9A19103F-16F7-4668-BE54-9A1E7A4F7556}") = "08.각도기", "8.각도기\08.각도기.csproj", "{7597B92A-CB90-4253-9F81-839E1E2CE325}"
EndProject
Project("{9A19103F-16F7-4668-BE54-9A1E7A4F7556}") = "09.짝수의 합", "9.짝수의 합\09.짝수의 합.csproj", "{9C873091-4724-49CF-A6EE-4D642DA890AA}"
EndProject
Project("{9A19103F-16F7-4668-BE54-9A1E7A4F7556}") = "10. 배열의 평균값", "10. 배열의 평균값\10. 배열의 평균값.csproj", "{E42157E7-80D3-4AB8-A3A8-7BAD7F58B2E7}"
EndProject
Project("{9A19103F-16F7-4668-BE54-9A1E7A4F7556}") = "11. 짝수와 홀수", "11. 짝수와 홀수\11. 짝수와 홀수.csproj", "{C0B17A2D-58E2-4BE4-A6F0-03B3D5AE4496}"
EndProject
Project("{9A19103F-16F7-4668-BE54-9A1E7A4F7556}") = "12. 평균구하기", "12. 평균구하기\12. 평균구하기.csproj", "{73F65D7B-6B13-447F-AFA9-774E57AD65EA}"
EndProject
Project("{9A19103F-16F7-4668-BE54-9A1E7A4F7556}") = "13.자릿수 더하기", "13.자릿수 더하기\13.자릿수 더하기.csproj", "{CCE3636B-BC55-4FEC-A6B5-B9A608A858A8}"
EndProject
Project("{9A19103F-16F7-4668-BE54-9A1E7A4F7556}") = "14. 약수의 합", "14. 약수의 합\14. 약수의 합.csproj", "{78C6D2B1-FD7F-4E08-A532-621B7CC85AEC}"
EndProject
Project("{9A19103F-16F7-4668-BE54-9A1E7A4F7556}") = "15.나머지가 1이되는 수 찾기", "15.나머지가 1이되는 수 찾기\15.나머지가 1이되는 수 찾기.csproj", "{F990D76D-782C-4007-A4E3-F983A2ECD969}"
EndProject
Project("{9A19103F-16F7-4668-BE54-9A1E7A4F7556}") = "16. x만큼 간격이 있는 n개의 숫자", "16. x만큼 간격이 있는 n개의 숫자\16. x만큼 간격이 있는 n개의 숫자.csproj", "{4C84EBD0-683C-4464-B609-5E4100DB2003}"
EndProject
Project("{9A19103F-16F7-4668-BE54-9A1E7A4F7556}") = "17. 자연수 뒤집어 배열로만들기", "17. 자연수 뒤집어 배열로만들기\17. 자연수 뒤집어 배열로만들기.csproj", "{5161CE4D-A834-4CD6-B309-621E33A87A2E}"
EndProject
Project("{9A19103F-16F7-4668-BE54-9A1E7A4F7556}") = "18. 문자열을 정수로 바꾸기", "18. 문자열을 정수로 바꾸기\18. 문자열을 정수로 바꾸기.csproj", "{D198E4D8-4995-4F57-A642-BB49969C82F4}"
EndProject
Project("{9A19103F-16F7-4668-BE54-9A1E7A4F7556}") = "19. 정수 제곱근 판별", "19. 정수 제곱근 판별\19. 정수 제곱근 판별.csproj", "{96B8CCA0-E449-46BF-8498-015194532DE9}"
EndProject
Project("{9A19103F-16F7-4668-BE54-9A1E7A4F7556}") = "20. 정수 내림차순으로 배치하기", "20. 정수 내림차순으로 배치하기\20. 정수 내림차순으로 배치하기.csproj", "{AEAF56F5-BAD0-420A-A051-D7257000EE65}"
EndProject
Project("{9A19103F-16F7-4668-BE54-9A1E7A4F7556}") = "21. 하샤드수", "21. 하샤드수\21. 하샤드수.csproj", "{E5246654-9F41-4B35-AF33-12F71073F112}"
EndProject
Project("{9A19103F-16F7-4668-BE54-9A1E7A4F7556}") = "22. 두 정수 사이의 합", "22. 두 정수 사이의 합\22. 두 정수 사이의 합.csproj", "{FC7AD3AC-C8F5-4782-984A-83F47E5B2CC7}"
EndProject
Project("{9A19103F-16F7-4668-BE54-9A1E7A4F7556}") = "23. 콜라츠 추측", "23. 콜라츠 추측\23. 콜라츠 추측.csproj", "{94E50C4E-06F4-4BF6-AE4D-AF16A135882E}"
EndProject
Project("{9A19103F-16F7-4668-BE54-9A1E7A4F7556}") = "24. 서울에서 김서방 찾기", "24. 서울에서 김서방 찾기\24. 서울에서 김서방 찾기.csproj", "{4D41F23E-FB6E-4517-AA75-3D6D82D1586D}"
EndProject
Project("{9A19103F-16F7-4668-BE54-9A1E7A4F7556}") = "25. 나누어 떨어지는 숫자 배열", "25. 나누어 떨어지는 숫자 배열\25. 나누어 떨어지는 숫자 배열.csproj", "{824B55F2-EDC3-4A4B-9EA3-9200CAFD5CF7}"
EndProject
Project("{9A19103F-16F7-4668-BE54-9A1E7A4F7556}") = "26. 음양 더하기", "26. 음양 더하기\26. 음양 더하기.csproj", "{77202A18-37CF-4277-A8F1-BFE957AAE290}"
EndProject
Project("{9A19103F-16F7-4668-BE54-9A1E7A4F7556}") = "27. 핸드폰 번호 가리기", "27. 핸드폰 번호 가리기\27. 핸드폰 번호 가리기.csproj", "{2F4FBE59-A687-447A-ABEE-3FE07B6796D5}"
EndProject
Project("{9A19103F-16F7-4668-BE54-9A1E7A4F7556}") = "28. 없는 숫자 더하기", "28. 없는 숫자 더하기\28. 없는 숫자 더하기.csproj", "{F301BA9E-CBAC-4316-9FC4-C6DF12E5089A}"
EndProject
Project("{9A19103F-16F7-4668-BE54-9A1E7A4F7556}") = "29. 제일 작은수 제거하기", "29. 제일 작은수 제거하기\29. 제일 작은수 제거하기.csproj", "{3EB7A1BE-E7CC-4C7B-9B63-0156852A8A30}"
EndProject
Project("{9A19103F-16F7-4668-BE54-9A1E7A4F7556}") = "30. 가운데 글자 가져오기", "30. 가운데 글자 가져오기\30. 가운데 글자 가져오기.csproj", "{8C1EA045-AAE7-4D62-9A8C-4A6F4FB67443}"
EndProject
Project("{9A19103F-16F7-4668-BE54-9A1E7A4F7556}") = "31. 수박수박수", "31. 수박수박수\31. 수박수박수.csproj", "{59AEDBAD-A6CB-491E-95BE-ED9F5591AA37}"
EndProject
Project("{9A19103F-16F7-4668-BE54-9A1E7A4F7556}") = "32. 내적", "32. 내적\32. 내적.csproj", "{A1A4F14E-605D-49D3-8D62-8C9EEF37C363}"
EndProject
Project("{9A19103F-16F7-4668-BE54-9A1E7A4F7556}") = "33. 약수의 개수와 덧셈", "33. 약수의 개수와 덧셈\33. 약수의 개수와 덧셈.csproj", "{2DEB89A9-E29F-41E8-87DD-E4258F7F4D89}"
EndProject
Project("{9A19103F-16F7-4668-BE54-9A1E7A4F7556}") = "34. 문자열 내림차순으로 배치하기", "34. 문자열 내림차순으로 배치하기\34. 문자열 내림차순으로 배치하기.csproj", "{FC361035-77E7-490B-937B-FC56CFEF5088}"
EndProject
Project("{9A19103F-16F7-4668-BE54-9A1E7A4F7556}") = "35. 부족한 금액 계산하기", "35. 부족한 금액 계산하기\35. 부족한 금액 계산하기.csproj", "{E201A199-579D-4D9B-B7E9-49B2D5883564}"
EndProject
Project("{9A19103F-16F7-4668-BE54-9A1E7A4F7556}") = "36. 문자열 다루기 기본", "36. 문자열 다루기 기본\36. 문자열 다루기 기본.csproj", "{7BCCB17A-4DAE-4CC1-A3ED-F60F3550E6B9}"
EndProject
Project("{9A19103F-16F7-4668-BE54-9A1E7A4F7556}") = "37. 행렬의 덧셈", "37. 행렬의 덧셈\37. 행렬의 덧셈.csproj", "{7285EB26-745A-43C9-9AEB-E7BEA5B35160}"
EndProject
Project("{9A19103F-16F7-4668-BE54-9A1E7A4F7556}") = "38. 직사각형 별찍기", "38. 직사각형 별찍기\38. 직사각형 별찍기.csproj", "{A563BF49-620F-47EC-AF20-BF7D279FFE9E}"
EndProject
Project("{9A19103F-16F7-4668-BE54-9A1E7A4F7556}") = "39. 최대공야굿와 최소공배수", "39. 최대공야굿와 최소공배수\39. 최대공야굿와 최소공배수.csproj", "{CB8C8BA4-FEEE-4627-AC4B-97BD65B6E342}"
EndProject
Project("{9A19103F-16F7-4668-BE54-9A1E7A4F7556}") = "40. 3진법 뒤집기", "40. 3진법 뒤집기\40. 3진법 뒤집기.csproj", "{B00EEBBF-05F5-47F7-A3DC-A47D70B8A5A3}"
EndProject
Project("{9A19103F-16F7-4668-BE54-9A1E7A4F7556}") = "41. 이상한 문자 만들기", "41. 이상한 문자 만들기\41. 이상한 문자 만들기.csproj", "{CE3034E0-1C9B-425F-9B48-D1B1ECC4B14F}"
EndProject
Project("{9A19103F-16F7-4668-BE54-9A1E7A4F7556}") = "42. 삼총사", "42. 삼총사\42. 삼총사.csproj", "{35C26B53-054D-42AF-B2BB-F9B26D34E3F8}"
EndProject
Project("{9A19103F-16F7-4668-BE54-9A1E7A4F7556}") = "43. 크기가 작은 부분문자열", "43. 크기가 작은 부분문자열\43. 크기가 작은 부분문자열.csproj", "{A04CF59F-0F5D-4511-A4F6-6823379BBDFE}"
EndProject
Project("{9A19103F-16F7-4668-BE54-9A1E7A4F7556}") = "44. 최소직사각형", "44. 최소직사각형\44. 최소직사각형.csproj", "{F8497AB5-C613-4311-A0DB-FD04AB4D3C37}"
EndProject
Project("{9A19103F-16F7-4668-BE54-9A1E7A4F7556}") = "45. 시저암호", "45. 시저암호\45. 시저암호.csproj", "{38D24A08-1952-4710-A383-92F5A8D52034}"
EndProject
Project("{9A19103F-16F7-4668-BE54-9A1E7A4F7556}") = "46. 숫자 문자열과 영단어", "46. 숫자 문자열과 영단어\46. 숫자 문자열과 영단어.csproj", "{05B1BD8B-396B-4FF5-9C16-BDAA3E1A136D}"
EndProject
Project("{9A19103F-16F7-4668-BE54-9A1E7A4F7556}") = "47. 문자열 내 마음대로 정렬하기", "47. 문자열 내 마음대로 정렬하기\47. 문자열 내 마음대로 정렬하기.csproj", "{38904605-F143-478A-BD90-7AABF60CB2F2}"
EndProject
Project("{9A19103F-16F7-4668-BE54-9A1E7A4F7556}") = "48. K번째 수 구하기", "48. K번째 수 구하기\48. K번째 수 구하기.csproj", "{2296C1C3-D701-488A-BCFA-A084DAC2CDF7}"
EndProject
Project("{9A19103F-16F7-4668-BE54-9A1E7A4F7556}") = "49. 두개 뽑아서 더하기", "49. 두개 뽑아서 더하기\49. 두개 뽑아서 더하기.csproj", "{7FF35A67-9E6C-423F-B75E-A6D7ABD81B9C}"
EndProject
Project("{FAE04EC0-301F-11D3-BF4B-00C04F79EFBC}") = "50. 가장 가까운 같은 글자", "50. 가장 가까운 같은 글자\50. 가장 가까운 같은 글자.csproj", "{2AB3C0D2-83B7-4455-8BD3-6513C8B2904D}"
EndProject
Global
	GlobalSection(SolutionConfigurationPlatforms) = preSolution
		Debug|Any CPU = Debug|Any CPU
		Release|Any CPU = Release|Any CPU
	EndGlobalSection
	GlobalSection(ProjectConfigurationPlatforms) = postSolution
		{CC9F8212-96CD-44BA-9775-96B5AE2BF149}.Debug|Any CPU.ActiveCfg = Debug|Any CPU
		{CC9F8212-96CD-44BA-9775-96B5AE2BF149}.Debug|Any CPU.Build.0 = Debug|Any CPU
		{CC9F8212-96CD-44BA-9775-96B5AE2BF149}.Release|Any CPU.ActiveCfg = Release|Any CPU
		{CC9F8212-96CD-44BA-9775-96B5AE2BF149}.Release|Any CPU.Build.0 = Release|Any CPU
		{5A6AB75B-2215-44E7-9C49-3FCC6AE73F84}.Debug|Any CPU.ActiveCfg = Debug|Any CPU
		{5A6AB75B-2215-44E7-9C49-3FCC6AE73F84}.Debug|Any CPU.Build.0 = Debug|Any CPU
		{5A6AB75B-2215-44E7-9C49-3FCC6AE73F84}.Release|Any CPU.ActiveCfg = Release|Any CPU
		{5A6AB75B-2215-44E7-9C49-3FCC6AE73F84}.Release|Any CPU.Build.0 = Release|Any CPU
		{B3F9CCA2-DEA9-4FE4-B642-2B34EA22338D}.Debug|Any CPU.ActiveCfg = Debug|Any CPU
		{B3F9CCA2-DEA9-4FE4-B642-2B34EA22338D}.Debug|Any CPU.Build.0 = Debug|Any CPU
		{B3F9CCA2-DEA9-4FE4-B642-2B34EA22338D}.Release|Any CPU.ActiveCfg = Release|Any CPU
		{B3F9CCA2-DEA9-4FE4-B642-2B34EA22338D}.Release|Any CPU.Build.0 = Release|Any CPU
		{8EBF4E99-5208-41BF-9F1E-7B01F7917E75}.Debug|Any CPU.ActiveCfg = Debug|Any CPU
		{8EBF4E99-5208-41BF-9F1E-7B01F7917E75}.Debug|Any CPU.Build.0 = Debug|Any CPU
		{8EBF4E99-5208-41BF-9F1E-7B01F7917E75}.Release|Any CPU.ActiveCfg = Release|Any CPU
		{8EBF4E99-5208-41BF-9F1E-7B01F7917E75}.Release|Any CPU.Build.0 = Release|Any CPU
		{0355A9DF-A525-4921-8CB3-E0E2BF5630C7}.Debug|Any CPU.ActiveCfg = Debug|Any CPU
		{0355A9DF-A525-4921-8CB3-E0E2BF5630C7}.Debug|Any CPU.Build.0 = Debug|Any CPU
		{0355A9DF-A525-4921-8CB3-E0E2BF5630C7}.Release|Any CPU.ActiveCfg = Release|Any CPU
		{0355A9DF-A525-4921-8CB3-E0E2BF5630C7}.Release|Any CPU.Build.0 = Release|Any CPU
		{CDBB5436-DA2A-4358-AEAD-FED7740C3AAA}.Debug|Any CPU.ActiveCfg = Debug|Any CPU
		{CDBB5436-DA2A-4358-AEAD-FED7740C3AAA}.Debug|Any CPU.Build.0 = Debug|Any CPU
		{CDBB5436-DA2A-4358-AEAD-FED7740C3AAA}.Release|Any CPU.ActiveCfg = Release|Any CPU
		{CDBB5436-DA2A-4358-AEAD-FED7740C3AAA}.Release|Any CPU.Build.0 = Release|Any CPU
		{6B3C2F68-345A-4838-BC92-05A5BBB157E9}.Debug|Any CPU.ActiveCfg = Debug|Any CPU
		{6B3C2F68-345A-4838-BC92-05A5BBB157E9}.Debug|Any CPU.Build.0 = Debug|Any CPU
		{6B3C2F68-345A-4838-BC92-05A5BBB157E9}.Release|Any CPU.ActiveCfg = Release|Any CPU
		{6B3C2F68-345A-4838-BC92-05A5BBB157E9}.Release|Any CPU.Build.0 = Release|Any CPU
		{7597B92A-CB90-4253-9F81-839E1E2CE325}.Debug|Any CPU.ActiveCfg = Debug|Any CPU
		{7597B92A-CB90-4253-9F81-839E1E2CE325}.Debug|Any CPU.Build.0 = Debug|Any CPU
		{7597B92A-CB90-4253-9F81-839E1E2CE325}.Release|Any CPU.ActiveCfg = Release|Any CPU
		{7597B92A-CB90-4253-9F81-839E1E2CE325}.Release|Any CPU.Build.0 = Release|Any CPU
		{9C873091-4724-49CF-A6EE-4D642DA890AA}.Debug|Any CPU.ActiveCfg = Debug|Any CPU
		{9C873091-4724-49CF-A6EE-4D642DA890AA}.Debug|Any CPU.Build.0 = Debug|Any CPU
		{9C873091-4724-49CF-A6EE-4D642DA890AA}.Release|Any CPU.ActiveCfg = Release|Any CPU
		{9C873091-4724-49CF-A6EE-4D642DA890AA}.Release|Any CPU.Build.0 = Release|Any CPU
		{E42157E7-80D3-4AB8-A3A8-7BAD7F58B2E7}.Debug|Any CPU.ActiveCfg = Debug|Any CPU
		{E42157E7-80D3-4AB8-A3A8-7BAD7F58B2E7}.Debug|Any CPU.Build.0 = Debug|Any CPU
		{E42157E7-80D3-4AB8-A3A8-7BAD7F58B2E7}.Release|Any CPU.ActiveCfg = Release|Any CPU
		{E42157E7-80D3-4AB8-A3A8-7BAD7F58B2E7}.Release|Any CPU.Build.0 = Release|Any CPU
		{C0B17A2D-58E2-4BE4-A6F0-03B3D5AE4496}.Debug|Any CPU.ActiveCfg = Debug|Any CPU
		{C0B17A2D-58E2-4BE4-A6F0-03B3D5AE4496}.Debug|Any CPU.Build.0 = Debug|Any CPU
		{C0B17A2D-58E2-4BE4-A6F0-03B3D5AE4496}.Release|Any CPU.ActiveCfg = Release|Any CPU
		{C0B17A2D-58E2-4BE4-A6F0-03B3D5AE4496}.Release|Any CPU.Build.0 = Release|Any CPU
		{73F65D7B-6B13-447F-AFA9-774E57AD65EA}.Debug|Any CPU.ActiveCfg = Debug|Any CPU
		{73F65D7B-6B13-447F-AFA9-774E57AD65EA}.Debug|Any CPU.Build.0 = Debug|Any CPU
		{73F65D7B-6B13-447F-AFA9-774E57AD65EA}.Release|Any CPU.ActiveCfg = Release|Any CPU
		{73F65D7B-6B13-447F-AFA9-774E57AD65EA}.Release|Any CPU.Build.0 = Release|Any CPU
		{CCE3636B-BC55-4FEC-A6B5-B9A608A858A8}.Debug|Any CPU.ActiveCfg = Debug|Any CPU
		{CCE3636B-BC55-4FEC-A6B5-B9A608A858A8}.Debug|Any CPU.Build.0 = Debug|Any CPU
		{CCE3636B-BC55-4FEC-A6B5-B9A608A858A8}.Release|Any CPU.ActiveCfg = Release|Any CPU
		{CCE3636B-BC55-4FEC-A6B5-B9A608A858A8}.Release|Any CPU.Build.0 = Release|Any CPU
		{78C6D2B1-FD7F-4E08-A532-621B7CC85AEC}.Debug|Any CPU.ActiveCfg = Debug|Any CPU
		{78C6D2B1-FD7F-4E08-A532-621B7CC85AEC}.Debug|Any CPU.Build.0 = Debug|Any CPU
		{78C6D2B1-FD7F-4E08-A532-621B7CC85AEC}.Release|Any CPU.ActiveCfg = Release|Any CPU
		{78C6D2B1-FD7F-4E08-A532-621B7CC85AEC}.Release|Any CPU.Build.0 = Release|Any CPU
		{F990D76D-782C-4007-A4E3-F983A2ECD969}.Debug|Any CPU.ActiveCfg = Debug|Any CPU
		{F990D76D-782C-4007-A4E3-F983A2ECD969}.Debug|Any CPU.Build.0 = Debug|Any CPU
		{F990D76D-782C-4007-A4E3-F983A2ECD969}.Release|Any CPU.ActiveCfg = Release|Any CPU
		{F990D76D-782C-4007-A4E3-F983A2ECD969}.Release|Any CPU.Build.0 = Release|Any CPU
		{4C84EBD0-683C-4464-B609-5E4100DB2003}.Debug|Any CPU.ActiveCfg = Debug|Any CPU
		{4C84EBD0-683C-4464-B609-5E4100DB2003}.Debug|Any CPU.Build.0 = Debug|Any CPU
		{4C84EBD0-683C-4464-B609-5E4100DB2003}.Release|Any CPU.ActiveCfg = Release|Any CPU
		{4C84EBD0-683C-4464-B609-5E4100DB2003}.Release|Any CPU.Build.0 = Release|Any CPU
		{5161CE4D-A834-4CD6-B309-621E33A87A2E}.Debug|Any CPU.ActiveCfg = Debug|Any CPU
		{5161CE4D-A834-4CD6-B309-621E33A87A2E}.Debug|Any CPU.Build.0 = Debug|Any CPU
		{5161CE4D-A834-4CD6-B309-621E33A87A2E}.Release|Any CPU.ActiveCfg = Release|Any CPU
		{5161CE4D-A834-4CD6-B309-621E33A87A2E}.Release|Any CPU.Build.0 = Release|Any CPU
		{D198E4D8-4995-4F57-A642-BB49969C82F4}.Debug|Any CPU.ActiveCfg = Debug|Any CPU
		{D198E4D8-4995-4F57-A642-BB49969C82F4}.Debug|Any CPU.Build.0 = Debug|Any CPU
		{D198E4D8-4995-4F57-A642-BB49969C82F4}.Release|Any CPU.ActiveCfg = Release|Any CPU
		{D198E4D8-4995-4F57-A642-BB49969C82F4}.Release|Any CPU.Build.0 = Release|Any CPU
		{96B8CCA0-E449-46BF-8498-015194532DE9}.Debug|Any CPU.ActiveCfg = Debug|Any CPU
		{96B8CCA0-E449-46BF-8498-015194532DE9}.Debug|Any CPU.Build.0 = Debug|Any CPU
		{96B8CCA0-E449-46BF-8498-015194532DE9}.Release|Any CPU.ActiveCfg = Release|Any CPU
		{96B8CCA0-E449-46BF-8498-015194532DE9}.Release|Any CPU.Build.0 = Release|Any CPU
		{AEAF56F5-BAD0-420A-A051-D7257000EE65}.Debug|Any CPU.ActiveCfg = Debug|Any CPU
		{AEAF56F5-BAD0-420A-A051-D7257000EE65}.Debug|Any CPU.Build.0 = Debug|Any CPU
		{AEAF56F5-BAD0-420A-A051-D7257000EE65}.Release|Any CPU.ActiveCfg = Release|Any CPU
		{AEAF56F5-BAD0-420A-A051-D7257000EE65}.Release|Any CPU.Build.0 = Release|Any CPU
		{E5246654-9F41-4B35-AF33-12F71073F112}.Debug|Any CPU.ActiveCfg = Debug|Any CPU
		{E5246654-9F41-4B35-AF33-12F71073F112}.Debug|Any CPU.Build.0 = Debug|Any CPU
		{E5246654-9F41-4B35-AF33-12F71073F112}.Release|Any CPU.ActiveCfg = Release|Any CPU
		{E5246654-9F41-4B35-AF33-12F71073F112}.Release|Any CPU.Build.0 = Release|Any CPU
		{FC7AD3AC-C8F5-4782-984A-83F47E5B2CC7}.Debug|Any CPU.ActiveCfg = Debug|Any CPU
		{FC7AD3AC-C8F5-4782-984A-83F47E5B2CC7}.Debug|Any CPU.Build.0 = Debug|Any CPU
		{FC7AD3AC-C8F5-4782-984A-83F47E5B2CC7}.Release|Any CPU.ActiveCfg = Release|Any CPU
		{FC7AD3AC-C8F5-4782-984A-83F47E5B2CC7}.Release|Any CPU.Build.0 = Release|Any CPU
		{94E50C4E-06F4-4BF6-AE4D-AF16A135882E}.Debug|Any CPU.ActiveCfg = Debug|Any CPU
		{94E50C4E-06F4-4BF6-AE4D-AF16A135882E}.Debug|Any CPU.Build.0 = Debug|Any CPU
		{94E50C4E-06F4-4BF6-AE4D-AF16A135882E}.Release|Any CPU.ActiveCfg = Release|Any CPU
		{94E50C4E-06F4-4BF6-AE4D-AF16A135882E}.Release|Any CPU.Build.0 = Release|Any CPU
		{4D41F23E-FB6E-4517-AA75-3D6D82D1586D}.Debug|Any CPU.ActiveCfg = Debug|Any CPU
		{4D41F23E-FB6E-4517-AA75-3D6D82D1586D}.Debug|Any CPU.Build.0 = Debug|Any CPU
		{4D41F23E-FB6E-4517-AA75-3D6D82D1586D}.Release|Any CPU.ActiveCfg = Release|Any CPU
		{4D41F23E-FB6E-4517-AA75-3D6D82D1586D}.Release|Any CPU.Build.0 = Release|Any CPU
		{824B55F2-EDC3-4A4B-9EA3-9200CAFD5CF7}.Debug|Any CPU.ActiveCfg = Debug|Any CPU
		{824B55F2-EDC3-4A4B-9EA3-9200CAFD5CF7}.Debug|Any CPU.Build.0 = Debug|Any CPU
		{824B55F2-EDC3-4A4B-9EA3-9200CAFD5CF7}.Release|Any CPU.ActiveCfg = Release|Any CPU
		{824B55F2-EDC3-4A4B-9EA3-9200CAFD5CF7}.Release|Any CPU.Build.0 = Release|Any CPU
		{77202A18-37CF-4277-A8F1-BFE957AAE290}.Debug|Any CPU.ActiveCfg = Debug|Any CPU
		{77202A18-37CF-4277-A8F1-BFE957AAE290}.Debug|Any CPU.Build.0 = Debug|Any CPU
		{77202A18-37CF-4277-A8F1-BFE957AAE290}.Release|Any CPU.ActiveCfg = Release|Any CPU
		{77202A18-37CF-4277-A8F1-BFE957AAE290}.Release|Any CPU.Build.0 = Release|Any CPU
		{2F4FBE59-A687-447A-ABEE-3FE07B6796D5}.Debug|Any CPU.ActiveCfg = Debug|Any CPU
		{2F4FBE59-A687-447A-ABEE-3FE07B6796D5}.Debug|Any CPU.Build.0 = Debug|Any CPU
		{2F4FBE59-A687-447A-ABEE-3FE07B6796D5}.Release|Any CPU.ActiveCfg = Release|Any CPU
		{2F4FBE59-A687-447A-ABEE-3FE07B6796D5}.Release|Any CPU.Build.0 = Release|Any CPU
		{F301BA9E-CBAC-4316-9FC4-C6DF12E5089A}.Debug|Any CPU.ActiveCfg = Debug|Any CPU
		{F301BA9E-CBAC-4316-9FC4-C6DF12E5089A}.Debug|Any CPU.Build.0 = Debug|Any CPU
		{F301BA9E-CBAC-4316-9FC4-C6DF12E5089A}.Release|Any CPU.ActiveCfg = Release|Any CPU
		{F301BA9E-CBAC-4316-9FC4-C6DF12E5089A}.Release|Any CPU.Build.0 = Release|Any CPU
		{3EB7A1BE-E7CC-4C7B-9B63-0156852A8A30}.Debug|Any CPU.ActiveCfg = Debug|Any CPU
		{3EB7A1BE-E7CC-4C7B-9B63-0156852A8A30}.Debug|Any CPU.Build.0 = Debug|Any CPU
		{3EB7A1BE-E7CC-4C7B-9B63-0156852A8A30}.Release|Any CPU.ActiveCfg = Release|Any CPU
		{3EB7A1BE-E7CC-4C7B-9B63-0156852A8A30}.Release|Any CPU.Build.0 = Release|Any CPU
		{8C1EA045-AAE7-4D62-9A8C-4A6F4FB67443}.Debug|Any CPU.ActiveCfg = Debug|Any CPU
		{8C1EA045-AAE7-4D62-9A8C-4A6F4FB67443}.Debug|Any CPU.Build.0 = Debug|Any CPU
		{8C1EA045-AAE7-4D62-9A8C-4A6F4FB67443}.Release|Any CPU.ActiveCfg = Release|Any CPU
		{8C1EA045-AAE7-4D62-9A8C-4A6F4FB67443}.Release|Any CPU.Build.0 = Release|Any CPU
		{59AEDBAD-A6CB-491E-95BE-ED9F5591AA37}.Debug|Any CPU.ActiveCfg = Debug|Any CPU
		{59AEDBAD-A6CB-491E-95BE-ED9F5591AA37}.Debug|Any CPU.Build.0 = Debug|Any CPU
		{59AEDBAD-A6CB-491E-95BE-ED9F5591AA37}.Release|Any CPU.ActiveCfg = Release|Any CPU
		{59AEDBAD-A6CB-491E-95BE-ED9F5591AA37}.Release|Any CPU.Build.0 = Release|Any CPU
		{A1A4F14E-605D-49D3-8D62-8C9EEF37C363}.Debug|Any CPU.ActiveCfg = Debug|Any CPU
		{A1A4F14E-605D-49D3-8D62-8C9EEF37C363}.Debug|Any CPU.Build.0 = Debug|Any CPU
		{A1A4F14E-605D-49D3-8D62-8C9EEF37C363}.Release|Any CPU.ActiveCfg = Release|Any CPU
		{A1A4F14E-605D-49D3-8D62-8C9EEF37C363}.Release|Any CPU.Build.0 = Release|Any CPU
		{2DEB89A9-E29F-41E8-87DD-E4258F7F4D89}.Debug|Any CPU.ActiveCfg = Debug|Any CPU
		{2DEB89A9-E29F-41E8-87DD-E4258F7F4D89}.Debug|Any CPU.Build.0 = Debug|Any CPU
		{2DEB89A9-E29F-41E8-87DD-E4258F7F4D89}.Release|Any CPU.ActiveCfg = Release|Any CPU
		{2DEB89A9-E29F-41E8-87DD-E4258F7F4D89}.Release|Any CPU.Build.0 = Release|Any CPU
		{FC361035-77E7-490B-937B-FC56CFEF5088}.Debug|Any CPU.ActiveCfg = Debug|Any CPU
		{FC361035-77E7-490B-937B-FC56CFEF5088}.Debug|Any CPU.Build.0 = Debug|Any CPU
		{FC361035-77E7-490B-937B-FC56CFEF5088}.Release|Any CPU.ActiveCfg = Release|Any CPU
		{FC361035-77E7-490B-937B-FC56CFEF5088}.Release|Any CPU.Build.0 = Release|Any CPU
		{E201A199-579D-4D9B-B7E9-49B2D5883564}.Debug|Any CPU.ActiveCfg = Debug|Any CPU
		{E201A199-579D-4D9B-B7E9-49B2D5883564}.Debug|Any CPU.Build.0 = Debug|Any CPU
		{E201A199-579D-4D9B-B7E9-49B2D5883564}.Release|Any CPU.ActiveCfg = Release|Any CPU
		{E201A199-579D-4D9B-B7E9-49B2D5883564}.Release|Any CPU.Build.0 = Release|Any CPU
		{7BCCB17A-4DAE-4CC1-A3ED-F60F3550E6B9}.Debug|Any CPU.ActiveCfg = Debug|Any CPU
		{7BCCB17A-4DAE-4CC1-A3ED-F60F3550E6B9}.Debug|Any CPU.Build.0 = Debug|Any CPU
		{7BCCB17A-4DAE-4CC1-A3ED-F60F3550E6B9}.Release|Any CPU.ActiveCfg = Release|Any CPU
		{7BCCB17A-4DAE-4CC1-A3ED-F60F3550E6B9}.Release|Any CPU.Build.0 = Release|Any CPU
		{7285EB26-745A-43C9-9AEB-E7BEA5B35160}.Debug|Any CPU.ActiveCfg = Debug|Any CPU
		{7285EB26-745A-43C9-9AEB-E7BEA5B35160}.Debug|Any CPU.Build.0 = Debug|Any CPU
		{7285EB26-745A-43C9-9AEB-E7BEA5B35160}.Release|Any CPU.ActiveCfg = Release|Any CPU
		{7285EB26-745A-43C9-9AEB-E7BEA5B35160}.Release|Any CPU.Build.0 = Release|Any CPU
		{A563BF49-620F-47EC-AF20-BF7D279FFE9E}.Debug|Any CPU.ActiveCfg = Debug|Any CPU
		{A563BF49-620F-47EC-AF20-BF7D279FFE9E}.Debug|Any CPU.Build.0 = Debug|Any CPU
		{A563BF49-620F-47EC-AF20-BF7D279FFE9E}.Release|Any CPU.ActiveCfg = Release|Any CPU
		{A563BF49-620F-47EC-AF20-BF7D279FFE9E}.Release|Any CPU.Build.0 = Release|Any CPU
		{CB8C8BA4-FEEE-4627-AC4B-97BD65B6E342}.Debug|Any CPU.ActiveCfg = Debug|Any CPU
		{CB8C8BA4-FEEE-4627-AC4B-97BD65B6E342}.Debug|Any CPU.Build.0 = Debug|Any CPU
		{CB8C8BA4-FEEE-4627-AC4B-97BD65B6E342}.Release|Any CPU.ActiveCfg = Release|Any CPU
		{CB8C8BA4-FEEE-4627-AC4B-97BD65B6E342}.Release|Any CPU.Build.0 = Release|Any CPU
		{B00EEBBF-05F5-47F7-A3DC-A47D70B8A5A3}.Debug|Any CPU.ActiveCfg = Debug|Any CPU
		{B00EEBBF-05F5-47F7-A3DC-A47D70B8A5A3}.Debug|Any CPU.Build.0 = Debug|Any CPU
		{B00EEBBF-05F5-47F7-A3DC-A47D70B8A5A3}.Release|Any CPU.ActiveCfg = Release|Any CPU
		{B00EEBBF-05F5-47F7-A3DC-A47D70B8A5A3}.Release|Any CPU.Build.0 = Release|Any CPU
		{CE3034E0-1C9B-425F-9B48-D1B1ECC4B14F}.Debug|Any CPU.ActiveCfg = Debug|Any CPU
		{CE3034E0-1C9B-425F-9B48-D1B1ECC4B14F}.Debug|Any CPU.Build.0 = Debug|Any CPU
		{CE3034E0-1C9B-425F-9B48-D1B1ECC4B14F}.Release|Any CPU.ActiveCfg = Release|Any CPU
		{CE3034E0-1C9B-425F-9B48-D1B1ECC4B14F}.Release|Any CPU.Build.0 = Release|Any CPU
		{35C26B53-054D-42AF-B2BB-F9B26D34E3F8}.Debug|Any CPU.ActiveCfg = Debug|Any CPU
		{35C26B53-054D-42AF-B2BB-F9B26D34E3F8}.Debug|Any CPU.Build.0 = Debug|Any CPU
		{35C26B53-054D-42AF-B2BB-F9B26D34E3F8}.Release|Any CPU.ActiveCfg = Release|Any CPU
		{35C26B53-054D-42AF-B2BB-F9B26D34E3F8}.Release|Any CPU.Build.0 = Release|Any CPU
		{A04CF59F-0F5D-4511-A4F6-6823379BBDFE}.Debug|Any CPU.ActiveCfg = Debug|Any CPU
		{A04CF59F-0F5D-4511-A4F6-6823379BBDFE}.Debug|Any CPU.Build.0 = Debug|Any CPU
		{A04CF59F-0F5D-4511-A4F6-6823379BBDFE}.Release|Any CPU.ActiveCfg = Release|Any CPU
		{A04CF59F-0F5D-4511-A4F6-6823379BBDFE}.Release|Any CPU.Build.0 = Release|Any CPU
		{F8497AB5-C613-4311-A0DB-FD04AB4D3C37}.Debug|Any CPU.ActiveCfg = Debug|Any CPU
		{F8497AB5-C613-4311-A0DB-FD04AB4D3C37}.Debug|Any CPU.Build.0 = Debug|Any CPU
		{F8497AB5-C613-4311-A0DB-FD04AB4D3C37}.Release|Any CPU.ActiveCfg = Release|Any CPU
		{F8497AB5-C613-4311-A0DB-FD04AB4D3C37}.Release|Any CPU.Build.0 = Release|Any CPU
		{38D24A08-1952-4710-A383-92F5A8D52034}.Debug|Any CPU.ActiveCfg = Debug|Any CPU
		{38D24A08-1952-4710-A383-92F5A8D52034}.Debug|Any CPU.Build.0 = Debug|Any CPU
		{38D24A08-1952-4710-A383-92F5A8D52034}.Release|Any CPU.ActiveCfg = Release|Any CPU
		{38D24A08-1952-4710-A383-92F5A8D52034}.Release|Any CPU.Build.0 = Release|Any CPU
		{05B1BD8B-396B-4FF5-9C16-BDAA3E1A136D}.Debug|Any CPU.ActiveCfg = Debug|Any CPU
		{05B1BD8B-396B-4FF5-9C16-BDAA3E1A136D}.Debug|Any CPU.Build.0 = Debug|Any CPU
		{05B1BD8B-396B-4FF5-9C16-BDAA3E1A136D}.Release|Any CPU.ActiveCfg = Release|Any CPU
		{05B1BD8B-396B-4FF5-9C16-BDAA3E1A136D}.Release|Any CPU.Build.0 = Release|Any CPU
		{38904605-F143-478A-BD90-7AABF60CB2F2}.Debug|Any CPU.ActiveCfg = Debug|Any CPU
		{38904605-F143-478A-BD90-7AABF60CB2F2}.Debug|Any CPU.Build.0 = Debug|Any CPU
		{38904605-F143-478A-BD90-7AABF60CB2F2}.Release|Any CPU.ActiveCfg = Release|Any CPU
		{38904605-F143-478A-BD90-7AABF60CB2F2}.Release|Any CPU.Build.0 = Release|Any CPU
		{2296C1C3-D701-488A-BCFA-A084DAC2CDF7}.Debug|Any CPU.ActiveCfg = Debug|Any CPU
		{2296C1C3-D701-488A-BCFA-A084DAC2CDF7}.Debug|Any CPU.Build.0 = Debug|Any CPU
		{2296C1C3-D701-488A-BCFA-A084DAC2CDF7}.Release|Any CPU.ActiveCfg = Release|Any CPU
		{2296C1C3-D701-488A-BCFA-A084DAC2CDF7}.Release|Any CPU.Build.0 = Release|Any CPU
		{7FF35A67-9E6C-423F-B75E-A6D7ABD81B9C}.Debug|Any CPU.ActiveCfg = Debug|Any CPU
		{7FF35A67-9E6C-423F-B75E-A6D7ABD81B9C}.Debug|Any CPU.Build.0 = Debug|Any CPU
		{7FF35A67-9E6C-423F-B75E-A6D7ABD81B9C}.Release|Any CPU.ActiveCfg = Release|Any CPU
		{7FF35A67-9E6C-423F-B75E-A6D7ABD81B9C}.Release|Any CPU.Build.0 = Release|Any CPU
		{2AB3C0D2-83B7-4455-8BD3-6513C8B2904D}.Debug|Any CPU.ActiveCfg = Debug|Any CPU
		{2AB3C0D2-83B7-4455-8BD3-6513C8B2904D}.Debug|Any CPU.Build.0 = Debug|Any CPU
		{2AB3C0D2-83B7-4455-8BD3-6513C8B2904D}.Release|Any CPU.ActiveCfg = Release|Any CPU
		{2AB3C0D2-83B7-4455-8BD3-6513C8B2904D}.Release|Any CPU.Build.0 = Release|Any CPU
	EndGlobalSection
	GlobalSection(SolutionProperties) = preSolution
		HideSolutionNode = FALSE
	EndGlobalSection
	GlobalSection(ExtensibilityGlobals) = postSolution
		SolutionGuid = {4E5BFB29-25C3-49C1-A789-DE9536D4DEFE}
	EndGlobalSection
EndGlobal
