
Microsoft Visual Studio Solution File, Format Version 12.00
# Visual Studio Version 17
VisualStudioVersion = 17.8.34309.116
MinimumVisualStudioVersion = 10.0.40219.1
Project("{9A19103F-16F7-4668-BE54-9A1E7A4F7556}") = "01. 두수의차", "Sparta_Algorighm_CodeKata\01. 두수의차.csproj", "{CC9F8212-96CD-44BA-9775-96B5AE2BF149}"
EndProject
Project("{9A19103F-16F7-4668-BE54-9A1E7A4F7556}") = "02. 두수의 곱", "2. 두수의 곱\02. 두수의 곱.csproj", "{5A6AB75B-2215-44E7-9C49-3FCC6AE73F84}"
EndProject
Project("{9A19103F-16F7-4668-BE54-9A1E7A4F7556}") = "03.몫 구하기", "3.몫 구하기\03.몫 구하기.csproj", "{B3F9CCA2-DEA9-4FE4-B642-2B34EA22338D}"
EndProject
Project("{9A19103F-16F7-4668-BE54-9A1E7A4F7556}") = "04.나이출력", "4.나이출력\04.나이출력.csproj", "{8EBF4E99-5208-41BF-9F1E-7B01F7917E75}"
EndProject
Project("{9A19103F-16F7-4668-BE54-9A1E7A4F7556}") = "05.숫자 비교하기", "5.숫자 비교하기\05.숫자 비교하기.csproj", "{0355A9DF-A525-4921-8CB3-E0E2BF5630C7}"
EndProject
Project("{9A19103F-16F7-4668-BE54-9A1E7A4F7556}") = "06.두수의합", "6.두수의합\06.두수의합.csproj", "{CDBB5436-DA2A-4358-AEAD-FED7740C3AAA}"
EndProject
Project("{9A19103F-16F7-4668-BE54-9A1E7A4F7556}") = "07.두수의 나눗셈", "7.두수의 나눗셈\07.두수의 나눗셈.csproj", "{6B3C2F68-345A-4838-BC92-05A5BBB157E9}"
EndProject
Project("{9A19103F-16F7-4668-BE54-9A1E7A4F7556}") = "08.각도기", "8.각도기\08.각도기.csproj", "{7597B92A-CB90-4253-9F81-839E1E2CE325}"
EndProject
Project("{9A19103F-16F7-4668-BE54-9A1E7A4F7556}") = "09.짝수의 합", "9.짝수의 합\09.짝수의 합.csproj", "{9C873091-4724-49CF-A6EE-4D642DA890AA}"
EndProject
Project("{9A19103F-16F7-4668-BE54-9A1E7A4F7556}") = "10. 배열의 평균값", "10. 배열의 평균값\10. 배열의 평균값.csproj", "{E42157E7-80D3-4AB8-A3A8-7BAD7F58B2E7}"
EndProject
Project("{9A19103F-16F7-4668-BE54-9A1E7A4F7556}") = "11. 짝수와 홀수", "11. 짝수와 홀수\11. 짝수와 홀수.csproj", "{C0B17A2D-58E2-4BE4-A6F0-03B3D5AE4496}"
EndProject
Project("{9A19103F-16F7-4668-BE54-9A1E7A4F7556}") = "12. 평균구하기", "12. 평균구하기\12. 평균구하기.csproj", "{73F65D7B-6B13-447F-AFA9-774E57AD65EA}"
EndProject
Project("{9A19103F-16F7-4668-BE54-9A1E7A4F7556}") = "13.자릿수 더하기", "13.자릿수 더하기\13.자릿수 더하기.csproj", "{CCE3636B-BC55-4FEC-A6B5-B9A608A858A8}"
EndProject
Project("{9A19103F-16F7-4668-BE54-9A1E7A4F7556}") = "14. 약수의 합", "14. 약수의 합\14. 약수의 합.csproj", "{78C6D2B1-FD7F-4E08-A532-621B7CC85AEC}"
EndProject
Project("{9A19103F-16F7-4668-BE54-9A1E7A4F7556}") = "15.나머지가 1이되는 수 찾기", "15.나머지가 1이되는 수 찾기\15.나머지가 1이되는 수 찾기.csproj", "{F990D76D-782C-4007-A4E3-F983A2ECD969}"
EndProject
Project("{9A19103F-16F7-4668-BE54-9A1E7A4F7556}") = "16. x만큼 간격이 있는 n개의 숫자", "16. x만큼 간격이 있는 n개의 숫자\16. x만큼 간격이 있는 n개의 숫자.csproj", "{4C84EBD0-683C-4464-B609-5E4100DB2003}"
EndProject
Project("{9A19103F-16F7-4668-BE54-9A1E7A4F7556}") = "17. 자연수 뒤집어 배열로만들기", "17. 자연수 뒤집어 배열로만들기\17. 자연수 뒤집어 배열로만들기.csproj", "{5161CE4D-A834-4CD6-B309-621E33A87A2E}"
EndProject
Project("{FAE04EC0-301F-11D3-BF4B-00C04F79EFBC}") = "18. 문자열을 정수로 바꾸기", "18. 문자열을 정수로 바꾸기\18. 문자열을 정수로 바꾸기.csproj", "{D198E4D8-4995-4F57-A642-BB49969C82F4}"
EndProject
Global
	GlobalSection(SolutionConfigurationPlatforms) = preSolution
		Debug|Any CPU = Debug|Any CPU
		Release|Any CPU = Release|Any CPU
	EndGlobalSection
	GlobalSection(ProjectConfigurationPlatforms) = postSolution
		{CC9F8212-96CD-44BA-9775-96B5AE2BF149}.Debug|Any CPU.ActiveCfg = Debug|Any CPU
		{CC9F8212-96CD-44BA-9775-96B5AE2BF149}.Debug|Any CPU.Build.0 = Debug|Any CPU
		{CC9F8212-96CD-44BA-9775-96B5AE2BF149}.Release|Any CPU.ActiveCfg = Release|Any CPU
		{CC9F8212-96CD-44BA-9775-96B5AE2BF149}.Release|Any CPU.Build.0 = Release|Any CPU
		{5A6AB75B-2215-44E7-9C49-3FCC6AE73F84}.Debug|Any CPU.ActiveCfg = Debug|Any CPU
		{5A6AB75B-2215-44E7-9C49-3FCC6AE73F84}.Debug|Any CPU.Build.0 = Debug|Any CPU
		{5A6AB75B-2215-44E7-9C49-3FCC6AE73F84}.Release|Any CPU.ActiveCfg = Release|Any CPU
		{5A6AB75B-2215-44E7-9C49-3FCC6AE73F84}.Release|Any CPU.Build.0 = Release|Any CPU
		{B3F9CCA2-DEA9-4FE4-B642-2B34EA22338D}.Debug|Any CPU.ActiveCfg = Debug|Any CPU
		{B3F9CCA2-DEA9-4FE4-B642-2B34EA22338D}.Debug|Any CPU.Build.0 = Debug|Any CPU
		{B3F9CCA2-DEA9-4FE4-B642-2B34EA22338D}.Release|Any CPU.ActiveCfg = Release|Any CPU
		{B3F9CCA2-DEA9-4FE4-B642-2B34EA22338D}.Release|Any CPU.Build.0 = Release|Any CPU
		{8EBF4E99-5208-41BF-9F1E-7B01F7917E75}.Debug|Any CPU.ActiveCfg = Debug|Any CPU
		{8EBF4E99-5208-41BF-9F1E-7B01F7917E75}.Debug|Any CPU.Build.0 = Debug|Any CPU
		{8EBF4E99-5208-41BF-9F1E-7B01F7917E75}.Release|Any CPU.ActiveCfg = Release|Any CPU
		{8EBF4E99-5208-41BF-9F1E-7B01F7917E75}.Release|Any CPU.Build.0 = Release|Any CPU
		{0355A9DF-A525-4921-8CB3-E0E2BF5630C7}.Debug|Any CPU.ActiveCfg = Debug|Any CPU
		{0355A9DF-A525-4921-8CB3-E0E2BF5630C7}.Debug|Any CPU.Build.0 = Debug|Any CPU
		{0355A9DF-A525-4921-8CB3-E0E2BF5630C7}.Release|Any CPU.ActiveCfg = Release|Any CPU
		{0355A9DF-A525-4921-8CB3-E0E2BF5630C7}.Release|Any CPU.Build.0 = Release|Any CPU
		{CDBB5436-DA2A-4358-AEAD-FED7740C3AAA}.Debug|Any CPU.ActiveCfg = Debug|Any CPU
		{CDBB5436-DA2A-4358-AEAD-FED7740C3AAA}.Debug|Any CPU.Build.0 = Debug|Any CPU
		{CDBB5436-DA2A-4358-AEAD-FED7740C3AAA}.Release|Any CPU.ActiveCfg = Release|Any CPU
		{CDBB5436-DA2A-4358-AEAD-FED7740C3AAA}.Release|Any CPU.Build.0 = Release|Any CPU
		{6B3C2F68-345A-4838-BC92-05A5BBB157E9}.Debug|Any CPU.ActiveCfg = Debug|Any CPU
		{6B3C2F68-345A-4838-BC92-05A5BBB157E9}.Debug|Any CPU.Build.0 = Debug|Any CPU
		{6B3C2F68-345A-4838-BC92-05A5BBB157E9}.Release|Any CPU.ActiveCfg = Release|Any CPU
		{6B3C2F68-345A-4838-BC92-05A5BBB157E9}.Release|Any CPU.Build.0 = Release|Any CPU
		{7597B92A-CB90-4253-9F81-839E1E2CE325}.Debug|Any CPU.ActiveCfg = Debug|Any CPU
		{7597B92A-CB90-4253-9F81-839E1E2CE325}.Debug|Any CPU.Build.0 = Debug|Any CPU
		{7597B92A-CB90-4253-9F81-839E1E2CE325}.Release|Any CPU.ActiveCfg = Release|Any CPU
		{7597B92A-CB90-4253-9F81-839E1E2CE325}.Release|Any CPU.Build.0 = Release|Any CPU
		{9C873091-4724-49CF-A6EE-4D642DA890AA}.Debug|Any CPU.ActiveCfg = Debug|Any CPU
		{9C873091-4724-49CF-A6EE-4D642DA890AA}.Debug|Any CPU.Build.0 = Debug|Any CPU
		{9C873091-4724-49CF-A6EE-4D642DA890AA}.Release|Any CPU.ActiveCfg = Release|Any CPU
		{9C873091-4724-49CF-A6EE-4D642DA890AA}.Release|Any CPU.Build.0 = Release|Any CPU
		{E42157E7-80D3-4AB8-A3A8-7BAD7F58B2E7}.Debug|Any CPU.ActiveCfg = Debug|Any CPU
		{E42157E7-80D3-4AB8-A3A8-7BAD7F58B2E7}.Debug|Any CPU.Build.0 = Debug|Any CPU
		{E42157E7-80D3-4AB8-A3A8-7BAD7F58B2E7}.Release|Any CPU.ActiveCfg = Release|Any CPU
		{E42157E7-80D3-4AB8-A3A8-7BAD7F58B2E7}.Release|Any CPU.Build.0 = Release|Any CPU
		{C0B17A2D-58E2-4BE4-A6F0-03B3D5AE4496}.Debug|Any CPU.ActiveCfg = Debug|Any CPU
		{C0B17A2D-58E2-4BE4-A6F0-03B3D5AE4496}.Debug|Any CPU.Build.0 = Debug|Any CPU
		{C0B17A2D-58E2-4BE4-A6F0-03B3D5AE4496}.Release|Any CPU.ActiveCfg = Release|Any CPU
		{C0B17A2D-58E2-4BE4-A6F0-03B3D5AE4496}.Release|Any CPU.Build.0 = Release|Any CPU
		{73F65D7B-6B13-447F-AFA9-774E57AD65EA}.Debug|Any CPU.ActiveCfg = Debug|Any CPU
		{73F65D7B-6B13-447F-AFA9-774E57AD65EA}.Debug|Any CPU.Build.0 = Debug|Any CPU
		{73F65D7B-6B13-447F-AFA9-774E57AD65EA}.Release|Any CPU.ActiveCfg = Release|Any CPU
		{73F65D7B-6B13-447F-AFA9-774E57AD65EA}.Release|Any CPU.Build.0 = Release|Any CPU
		{CCE3636B-BC55-4FEC-A6B5-B9A608A858A8}.Debug|Any CPU.ActiveCfg = Debug|Any CPU
		{CCE3636B-BC55-4FEC-A6B5-B9A608A858A8}.Debug|Any CPU.Build.0 = Debug|Any CPU
		{CCE3636B-BC55-4FEC-A6B5-B9A608A858A8}.Release|Any CPU.ActiveCfg = Release|Any CPU
		{CCE3636B-BC55-4FEC-A6B5-B9A608A858A8}.Release|Any CPU.Build.0 = Release|Any CPU
		{78C6D2B1-FD7F-4E08-A532-621B7CC85AEC}.Debug|Any CPU.ActiveCfg = Debug|Any CPU
		{78C6D2B1-FD7F-4E08-A532-621B7CC85AEC}.Debug|Any CPU.Build.0 = Debug|Any CPU
		{78C6D2B1-FD7F-4E08-A532-621B7CC85AEC}.Release|Any CPU.ActiveCfg = Release|Any CPU
		{78C6D2B1-FD7F-4E08-A532-621B7CC85AEC}.Release|Any CPU.Build.0 = Release|Any CPU
		{F990D76D-782C-4007-A4E3-F983A2ECD969}.Debug|Any CPU.ActiveCfg = Debug|Any CPU
		{F990D76D-782C-4007-A4E3-F983A2ECD969}.Debug|Any CPU.Build.0 = Debug|Any CPU
		{F990D76D-782C-4007-A4E3-F983A2ECD969}.Release|Any CPU.ActiveCfg = Release|Any CPU
		{F990D76D-782C-4007-A4E3-F983A2ECD969}.Release|Any CPU.Build.0 = Release|Any CPU
		{4C84EBD0-683C-4464-B609-5E4100DB2003}.Debug|Any CPU.ActiveCfg = Debug|Any CPU
		{4C84EBD0-683C-4464-B609-5E4100DB2003}.Debug|Any CPU.Build.0 = Debug|Any CPU
		{4C84EBD0-683C-4464-B609-5E4100DB2003}.Release|Any CPU.ActiveCfg = Release|Any CPU
		{4C84EBD0-683C-4464-B609-5E4100DB2003}.Release|Any CPU.Build.0 = Release|Any CPU
		{5161CE4D-A834-4CD6-B309-621E33A87A2E}.Debug|Any CPU.ActiveCfg = Debug|Any CPU
		{5161CE4D-A834-4CD6-B309-621E33A87A2E}.Debug|Any CPU.Build.0 = Debug|Any CPU
		{5161CE4D-A834-4CD6-B309-621E33A87A2E}.Release|Any CPU.ActiveCfg = Release|Any CPU
		{5161CE4D-A834-4CD6-B309-621E33A87A2E}.Release|Any CPU.Build.0 = Release|Any CPU
		{D198E4D8-4995-4F57-A642-BB49969C82F4}.Debug|Any CPU.ActiveCfg = Debug|Any CPU
		{D198E4D8-4995-4F57-A642-BB49969C82F4}.Debug|Any CPU.Build.0 = Debug|Any CPU
		{D198E4D8-4995-4F57-A642-BB49969C82F4}.Release|Any CPU.ActiveCfg = Release|Any CPU
		{D198E4D8-4995-4F57-A642-BB49969C82F4}.Release|Any CPU.Build.0 = Release|Any CPU
	EndGlobalSection
	GlobalSection(SolutionProperties) = preSolution
		HideSolutionNode = FALSE
	EndGlobalSection
	GlobalSection(ExtensibilityGlobals) = postSolution
		SolutionGuid = {4E5BFB29-25C3-49C1-A789-DE9536D4DEFE}
	EndGlobalSection
EndGlobal
